
Microsoft Visual Studio Solution File, Format Version 11.00
# Visual Studio 2010
Project("{FAE04EC0-301F-11D3-BF4B-00C04F79EFBC}") = "Labyrinth", "Labyrinth\Labyrinth.csproj", "{251AAFB1-A864-4B14-8845-E01680F903DE}"
EndProject
Global
	GlobalSection(SolutionConfigurationPlatforms) = preSolution
		Debug|x86 = Debug|x86
		Release|x86 = Release|x86
	EndGlobalSection
	GlobalSection(ProjectConfigurationPlatforms) = postSolution
		{251AAFB1-A864-4B14-8845-E01680F903DE}.Debug|x86.ActiveCfg = Debug|x86
		{251AAFB1-A864-4B14-8845-E01680F903DE}.Debug|x86.Build.0 = Debug|x86
		{251AAFB1-A864-4B14-8845-E01680F903DE}.Release|x86.ActiveCfg = Release|x86
		{251AAFB1-A864-4B14-8845-E01680F903DE}.Release|x86.Build.0 = Release|x86
	EndGlobalSection
	GlobalSection(SolutionProperties) = preSolution
		HideSolutionNode = FALSE
	EndGlobalSection
EndGlobal
